
Microsoft Visual Studio Solution File, Format Version 12.00
# Visual Studio Version 17
VisualStudioVersion = 17.4.33205.214
MinimumVisualStudioVersion = 10.0.40219.1
Project("{FAE04EC0-301F-11D3-BF4B-00C04F79EFBC}") = "CalcularArea", "CalcularArea\CalcularArea.csproj", "{F1DB4770-1E5D-45A2-A43A-FFA7087922A5}"
EndProject
Project("{FAE04EC0-301F-11D3-BF4B-00C04F79EFBC}") = "TestCalculator", "TestCalculator\TestCalculator.csproj", "{29F231AF-5D53-4A9D-8523-AD76B7BEC68C}"
EndProject
Global
	GlobalSection(SolutionConfigurationPlatforms) = preSolution
		Debug|Any CPU = Debug|Any CPU
		Release|Any CPU = Release|Any CPU
	EndGlobalSection
	GlobalSection(ProjectConfigurationPlatforms) = postSolution
		{F1DB4770-1E5D-45A2-A43A-FFA7087922A5}.Debug|Any CPU.ActiveCfg = Debug|Any CPU
		{F1DB4770-1E5D-45A2-A43A-FFA7087922A5}.Debug|Any CPU.Build.0 = Debug|Any CPU
		{F1DB4770-1E5D-45A2-A43A-FFA7087922A5}.Release|Any CPU.ActiveCfg = Release|Any CPU
		{F1DB4770-1E5D-45A2-A43A-FFA7087922A5}.Release|Any CPU.Build.0 = Release|Any CPU
		{29F231AF-5D53-4A9D-8523-AD76B7BEC68C}.Debug|Any CPU.ActiveCfg = Debug|Any CPU
		{29F231AF-5D53-4A9D-8523-AD76B7BEC68C}.Debug|Any CPU.Build.0 = Debug|Any CPU
		{29F231AF-5D53-4A9D-8523-AD76B7BEC68C}.Release|Any CPU.ActiveCfg = Release|Any CPU
		{29F231AF-5D53-4A9D-8523-AD76B7BEC68C}.Release|Any CPU.Build.0 = Release|Any CPU
	EndGlobalSection
	GlobalSection(SolutionProperties) = preSolution
		HideSolutionNode = FALSE
	EndGlobalSection
	GlobalSection(ExtensibilityGlobals) = postSolution
		SolutionGuid = {EDB48F35-BBC1-4CD6-92E0-C6A362C2BDFD}
	EndGlobalSection
EndGlobal
